// !$*UTF8*$!
{
	archiveVersion = 1;
	classes = {
	};
	objectVersion = 56;
	objects = {

/* Begin PBXBuildFile section */
		9250B0932AD3C815002A1105 /* popUpVc.swift in Sources */ = {isa = PBXBuildFile; fileRef = 9250B0922AD3C815002A1105 /* popUpVc.swift */; };
		92569C1F2AD005C6009B65C0 /* DatabaseManager.swift in Sources */ = {isa = PBXBuildFile; fileRef = 92569C1E2AD005C6009B65C0 /* DatabaseManager.swift */; };
		92569C232AD00B3C009B65C0 /* UserModel.swift in Sources */ = {isa = PBXBuildFile; fileRef = 92569C222AD00B3C009B65C0 /* UserModel.swift */; };
		926BFD452ACFD96C00AF0042 /* UserDataCell.swift in Sources */ = {isa = PBXBuildFile; fileRef = 926BFD442ACFD96C00AF0042 /* UserDataCell.swift */; };
		926BFD4C2ACFDE5400AF0042 /* Employee+CoreDataClass.swift in Sources */ = {isa = PBXBuildFile; fileRef = 926BFD4A2ACFDE5400AF0042 /* Employee+CoreDataClass.swift */; };
		926BFD4D2ACFDE5400AF0042 /* Employee+CoreDataProperties.swift in Sources */ = {isa = PBXBuildFile; fileRef = 926BFD4B2ACFDE5400AF0042 /* Employee+CoreDataProperties.swift */; };
		926BFD4F2ACFDEA100AF0042 /* MainViewModel.swift in Sources */ = {isa = PBXBuildFile; fileRef = 926BFD4E2ACFDEA100AF0042 /* MainViewModel.swift */; };
		926BFD522ACFDF8700AF0042 /* Validation.swift in Sources */ = {isa = PBXBuildFile; fileRef = 926BFD512ACFDF8700AF0042 /* Validation.swift */; };
		926BFD572ACFDFFB00AF0042 /* ViewController+Extention.swift in Sources */ = {isa = PBXBuildFile; fileRef = 926BFD562ACFDFFB00AF0042 /* ViewController+Extention.swift */; };
		9281312D2ACFCD78004E7866 /* MainPageVc.swift in Sources */ = {isa = PBXBuildFile; fileRef = 9281312C2ACFCD78004E7866 /* MainPageVc.swift */; };
		92AE2A872ACED84100753B0A /* AppDelegate.swift in Sources */ = {isa = PBXBuildFile; fileRef = 92AE2A862ACED84100753B0A /* AppDelegate.swift */; };
		92AE2A892ACED84100753B0A /* SceneDelegate.swift in Sources */ = {isa = PBXBuildFile; fileRef = 92AE2A882ACED84100753B0A /* SceneDelegate.swift */; };
		92AE2A8E2ACED84100753B0A /* Main.storyboard in Resources */ = {isa = PBXBuildFile; fileRef = 92AE2A8C2ACED84100753B0A /* Main.storyboard */; };
		92AE2A912ACED84100753B0A /* CoreDataDemoProject.xcdatamodeld in Sources */ = {isa = PBXBuildFile; fileRef = 92AE2A8F2ACED84100753B0A /* CoreDataDemoProject.xcdatamodeld */; };
		92AE2A932ACED84400753B0A /* Assets.xcassets in Resources */ = {isa = PBXBuildFile; fileRef = 92AE2A922ACED84400753B0A /* Assets.xcassets */; };
		92AE2A962ACED84400753B0A /* LaunchScreen.storyboard in Resources */ = {isa = PBXBuildFile; fileRef = 92AE2A942ACED84400753B0A /* LaunchScreen.storyboard */; };
		92AE2AA12ACED84400753B0A /* CoreDataDemoProjectTests.swift in Sources */ = {isa = PBXBuildFile; fileRef = 92AE2AA02ACED84400753B0A /* CoreDataDemoProjectTests.swift */; };
		92AE2AAB2ACED84400753B0A /* CoreDataDemoProjectUITests.swift in Sources */ = {isa = PBXBuildFile; fileRef = 92AE2AAA2ACED84400753B0A /* CoreDataDemoProjectUITests.swift */; };
		92AE2AAD2ACED84400753B0A /* CoreDataDemoProjectUITestsLaunchTests.swift in Sources */ = {isa = PBXBuildFile; fileRef = 92AE2AAC2ACED84400753B0A /* CoreDataDemoProjectUITestsLaunchTests.swift */; };
/* End PBXBuildFile section */

/* Begin PBXContainerItemProxy section */
		92AE2A9D2ACED84400753B0A /* PBXContainerItemProxy */ = {
			isa = PBXContainerItemProxy;
			containerPortal = 92AE2A7B2ACED84100753B0A /* Project object */;
			proxyType = 1;
			remoteGlobalIDString = 92AE2A822ACED84100753B0A;
			remoteInfo = CoreDataDemoProject;
		};
		92AE2AA72ACED84400753B0A /* PBXContainerItemProxy */ = {
			isa = PBXContainerItemProxy;
			containerPortal = 92AE2A7B2ACED84100753B0A /* Project object */;
			proxyType = 1;
			remoteGlobalIDString = 92AE2A822ACED84100753B0A;
			remoteInfo = CoreDataDemoProject;
		};
/* End PBXContainerItemProxy section */

/* Begin PBXFileReference section */
		9250B0922AD3C815002A1105 /* popUpVc.swift */ = {isa = PBXFileReference; lastKnownFileType = sourcecode.swift; path = popUpVc.swift; sourceTree = "<group>"; };
		92569C1E2AD005C6009B65C0 /* DatabaseManager.swift */ = {isa = PBXFileReference; lastKnownFileType = sourcecode.swift; path = DatabaseManager.swift; sourceTree = "<group>"; };
		92569C222AD00B3C009B65C0 /* UserModel.swift */ = {isa = PBXFileReference; lastKnownFileType = sourcecode.swift; path = UserModel.swift; sourceTree = "<group>"; };
		926BFD442ACFD96C00AF0042 /* UserDataCell.swift */ = {isa = PBXFileReference; lastKnownFileType = sourcecode.swift; path = UserDataCell.swift; sourceTree = "<group>"; };
		926BFD4A2ACFDE5400AF0042 /* Employee+CoreDataClass.swift */ = {isa = PBXFileReference; lastKnownFileType = sourcecode.swift; path = "Employee+CoreDataClass.swift"; sourceTree = "<group>"; };
		926BFD4B2ACFDE5400AF0042 /* Employee+CoreDataProperties.swift */ = {isa = PBXFileReference; lastKnownFileType = sourcecode.swift; path = "Employee+CoreDataProperties.swift"; sourceTree = "<group>"; };
		926BFD4E2ACFDEA100AF0042 /* MainViewModel.swift */ = {isa = PBXFileReference; lastKnownFileType = sourcecode.swift; path = MainViewModel.swift; sourceTree = "<group>"; };
		926BFD512ACFDF8700AF0042 /* Validation.swift */ = {isa = PBXFileReference; lastKnownFileType = sourcecode.swift; path = Validation.swift; sourceTree = "<group>"; };
		926BFD562ACFDFFB00AF0042 /* ViewController+Extention.swift */ = {isa = PBXFileReference; lastKnownFileType = sourcecode.swift; path = "ViewController+Extention.swift"; sourceTree = "<group>"; };
		9281312C2ACFCD78004E7866 /* MainPageVc.swift */ = {isa = PBXFileReference; lastKnownFileType = sourcecode.swift; path = MainPageVc.swift; sourceTree = "<group>"; };
		92AE2A832ACED84100753B0A /* CoreDataDemoProject.app */ = {isa = PBXFileReference; explicitFileType = wrapper.application; includeInIndex = 0; path = CoreDataDemoProject.app; sourceTree = BUILT_PRODUCTS_DIR; };
		92AE2A862ACED84100753B0A /* AppDelegate.swift */ = {isa = PBXFileReference; lastKnownFileType = sourcecode.swift; path = AppDelegate.swift; sourceTree = "<group>"; };
		92AE2A882ACED84100753B0A /* SceneDelegate.swift */ = {isa = PBXFileReference; lastKnownFileType = sourcecode.swift; path = SceneDelegate.swift; sourceTree = "<group>"; };
		92AE2A8D2ACED84100753B0A /* Base */ = {isa = PBXFileReference; lastKnownFileType = file.storyboard; name = Base; path = Base.lproj/Main.storyboard; sourceTree = "<group>"; };
		92AE2A902ACED84100753B0A /* CoreDataDemoProject.xcdatamodel */ = {isa = PBXFileReference; lastKnownFileType = wrapper.xcdatamodel; path = CoreDataDemoProject.xcdatamodel; sourceTree = "<group>"; };
		92AE2A922ACED84400753B0A /* Assets.xcassets */ = {isa = PBXFileReference; lastKnownFileType = folder.assetcatalog; path = Assets.xcassets; sourceTree = "<group>"; };
		92AE2A952ACED84400753B0A /* Base */ = {isa = PBXFileReference; lastKnownFileType = file.storyboard; name = Base; path = Base.lproj/LaunchScreen.storyboard; sourceTree = "<group>"; };
		92AE2A972ACED84400753B0A /* Info.plist */ = {isa = PBXFileReference; lastKnownFileType = text.plist.xml; path = Info.plist; sourceTree = "<group>"; };
		92AE2A9C2ACED84400753B0A /* CoreDataDemoProjectTests.xctest */ = {isa = PBXFileReference; explicitFileType = wrapper.cfbundle; includeInIndex = 0; path = CoreDataDemoProjectTests.xctest; sourceTree = BUILT_PRODUCTS_DIR; };
		92AE2AA02ACED84400753B0A /* CoreDataDemoProjectTests.swift */ = {isa = PBXFileReference; lastKnownFileType = sourcecode.swift; path = CoreDataDemoProjectTests.swift; sourceTree = "<group>"; };
		92AE2AA62ACED84400753B0A /* CoreDataDemoProjectUITests.xctest */ = {isa = PBXFileReference; explicitFileType = wrapper.cfbundle; includeInIndex = 0; path = CoreDataDemoProjectUITests.xctest; sourceTree = BUILT_PRODUCTS_DIR; };
		92AE2AAA2ACED84400753B0A /* CoreDataDemoProjectUITests.swift */ = {isa = PBXFileReference; lastKnownFileType = sourcecode.swift; path = CoreDataDemoProjectUITests.swift; sourceTree = "<group>"; };
		92AE2AAC2ACED84400753B0A /* CoreDataDemoProjectUITestsLaunchTests.swift */ = {isa = PBXFileReference; lastKnownFileType = sourcecode.swift; path = CoreDataDemoProjectUITestsLaunchTests.swift; sourceTree = "<group>"; };
/* End PBXFileReference section */

/* Begin PBXFrameworksBuildPhase section */
		92AE2A802ACED84100753B0A /* Frameworks */ = {
			isa = PBXFrameworksBuildPhase;
			buildActionMask = 2147483647;
			files = (
			);
			runOnlyForDeploymentPostprocessing = 0;
		};
		92AE2A992ACED84400753B0A /* Frameworks */ = {
			isa = PBXFrameworksBuildPhase;
			buildActionMask = 2147483647;
			files = (
			);
			runOnlyForDeploymentPostprocessing = 0;
		};
		92AE2AA32ACED84400753B0A /* Frameworks */ = {
			isa = PBXFrameworksBuildPhase;
			buildActionMask = 2147483647;
			files = (
			);
			runOnlyForDeploymentPostprocessing = 0;
		};
/* End PBXFrameworksBuildPhase section */

/* Begin PBXGroup section */
		9250B0902AD3C7D3002A1105 /* popupAddDetails */ = {
			isa = PBXGroup;
			children = (
				9250B0922AD3C815002A1105 /* popUpVc.swift */,
			);
			path = popupAddDetails;
			sourceTree = "<group>";
		};
		926BFD432ACFD93D00AF0042 /* MainPage */ = {
			isa = PBXGroup;
			children = (
				9281312C2ACFCD78004E7866 /* MainPageVc.swift */,
				926BFD442ACFD96C00AF0042 /* UserDataCell.swift */,
			);
			path = MainPage;
			sourceTree = "<group>";
		};
		926BFD502ACFDF7900AF0042 /* Utils */ = {
			isa = PBXGroup;
			children = (
				926BFD542ACFDFE000AF0042 /* Extention */,
				926BFD532ACFDF9200AF0042 /* Validation */,
			);
			path = Utils;
			sourceTree = "<group>";
		};
		926BFD532ACFDF9200AF0042 /* Validation */ = {
			isa = PBXGroup;
			children = (
				926BFD512ACFDF8700AF0042 /* Validation.swift */,
			);
			path = Validation;
			sourceTree = "<group>";
		};
		926BFD542ACFDFE000AF0042 /* Extention */ = {
			isa = PBXGroup;
			children = (
				926BFD562ACFDFFB00AF0042 /* ViewController+Extention.swift */,
			);
			path = Extention;
			sourceTree = "<group>";
		};
		928131242ACFCB8D004E7866 /* View */ = {
			isa = PBXGroup;
			children = (
				9250B0902AD3C7D3002A1105 /* popupAddDetails */,
				926BFD432ACFD93D00AF0042 /* MainPage */,
			);
			path = View;
			sourceTree = "<group>";
		};
		928131252ACFCB94004E7866 /* ViewModel */ = {
			isa = PBXGroup;
			children = (
				926BFD4E2ACFDEA100AF0042 /* MainViewModel.swift */,
			);
			path = ViewModel;
			sourceTree = "<group>";
		};
		928131262ACFCBB0004E7866 /* Model */ = {
			isa = PBXGroup;
			children = (
				92569C222AD00B3C009B65C0 /* UserModel.swift */,
			);
			path = Model;
			sourceTree = "<group>";
		};
		928131292ACFCBFC004E7866 /* Application */ = {
			isa = PBXGroup;
			children = (
				92AE2A942ACED84400753B0A /* LaunchScreen.storyboard */,
				92AE2A862ACED84100753B0A /* AppDelegate.swift */,
				92AE2A882ACED84100753B0A /* SceneDelegate.swift */,
			);
			path = Application;
			sourceTree = "<group>";
		};
		9281312A2ACFCC63004E7866 /* DataBase */ = {
			isa = PBXGroup;
			children = (
				9281312B2ACFCC7B004E7866 /* Employee */,
				92569C1E2AD005C6009B65C0 /* DatabaseManager.swift */,
			);
			path = DataBase;
			sourceTree = "<group>";
		};
		9281312B2ACFCC7B004E7866 /* Employee */ = {
			isa = PBXGroup;
			children = (
				926BFD4A2ACFDE5400AF0042 /* Employee+CoreDataClass.swift */,
				926BFD4B2ACFDE5400AF0042 /* Employee+CoreDataProperties.swift */,
			);
			path = Employee;
			sourceTree = "<group>";
		};
		92AE2A7A2ACED84100753B0A = {
			isa = PBXGroup;
			children = (
				92AE2A852ACED84100753B0A /* CoreDataDemoProject */,
				92AE2A9F2ACED84400753B0A /* CoreDataDemoProjectTests */,
				92AE2AA92ACED84400753B0A /* CoreDataDemoProjectUITests */,
				92AE2A842ACED84100753B0A /* Products */,
			);
			sourceTree = "<group>";
		};
		92AE2A842ACED84100753B0A /* Products */ = {
			isa = PBXGroup;
			children = (
				92AE2A832ACED84100753B0A /* CoreDataDemoProject.app */,
				92AE2A9C2ACED84400753B0A /* CoreDataDemoProjectTests.xctest */,
				92AE2AA62ACED84400753B0A /* CoreDataDemoProjectUITests.xctest */,
			);
			name = Products;
			sourceTree = "<group>";
		};
		92AE2A852ACED84100753B0A /* CoreDataDemoProject */ = {
			isa = PBXGroup;
			children = (
				926BFD502ACFDF7900AF0042 /* Utils */,
				928131292ACFCBFC004E7866 /* Application */,
				9281312A2ACFCC63004E7866 /* DataBase */,
				928131262ACFCBB0004E7866 /* Model */,
				928131252ACFCB94004E7866 /* ViewModel */,
				928131242ACFCB8D004E7866 /* View */,
				92AE2A8C2ACED84100753B0A /* Main.storyboard */,
				92AE2A922ACED84400753B0A /* Assets.xcassets */,
				92AE2A972ACED84400753B0A /* Info.plist */,
				92AE2A8F2ACED84100753B0A /* CoreDataDemoProject.xcdatamodeld */,
			);
			path = CoreDataDemoProject;
			sourceTree = "<group>";
		};
		92AE2A9F2ACED84400753B0A /* CoreDataDemoProjectTests */ = {
			isa = PBXGroup;
			children = (
				92AE2AA02ACED84400753B0A /* CoreDataDemoProjectTests.swift */,
			);
			path = CoreDataDemoProjectTests;
			sourceTree = "<group>";
		};
		92AE2AA92ACED84400753B0A /* CoreDataDemoProjectUITests */ = {
			isa = PBXGroup;
			children = (
				92AE2AAA2ACED84400753B0A /* CoreDataDemoProjectUITests.swift */,
				92AE2AAC2ACED84400753B0A /* CoreDataDemoProjectUITestsLaunchTests.swift */,
			);
			path = CoreDataDemoProjectUITests;
			sourceTree = "<group>";
		};
/* End PBXGroup section */

/* Begin PBXNativeTarget section */
		92AE2A822ACED84100753B0A /* CoreDataDemoProject */ = {
			isa = PBXNativeTarget;
			buildConfigurationList = 92AE2AB02ACED84400753B0A /* Build configuration list for PBXNativeTarget "CoreDataDemoProject" */;
			buildPhases = (
				92AE2A7F2ACED84100753B0A /* Sources */,
				92AE2A802ACED84100753B0A /* Frameworks */,
				92AE2A812ACED84100753B0A /* Resources */,
			);
			buildRules = (
			);
			dependencies = (
			);
			name = CoreDataDemoProject;
			productName = CoreDataDemoProject;
			productReference = 92AE2A832ACED84100753B0A /* CoreDataDemoProject.app */;
			productType = "com.apple.product-type.application";
		};
		92AE2A9B2ACED84400753B0A /* CoreDataDemoProjectTests */ = {
			isa = PBXNativeTarget;
			buildConfigurationList = 92AE2AB32ACED84400753B0A /* Build configuration list for PBXNativeTarget "CoreDataDemoProjectTests" */;
			buildPhases = (
				92AE2A982ACED84400753B0A /* Sources */,
				92AE2A992ACED84400753B0A /* Frameworks */,
				92AE2A9A2ACED84400753B0A /* Resources */,
			);
			buildRules = (
			);
			dependencies = (
				92AE2A9E2ACED84400753B0A /* PBXTargetDependency */,
			);
			name = CoreDataDemoProjectTests;
			productName = CoreDataDemoProjectTests;
			productReference = 92AE2A9C2ACED84400753B0A /* CoreDataDemoProjectTests.xctest */;
			productType = "com.apple.product-type.bundle.unit-test";
		};
		92AE2AA52ACED84400753B0A /* CoreDataDemoProjectUITests */ = {
			isa = PBXNativeTarget;
			buildConfigurationList = 92AE2AB62ACED84400753B0A /* Build configuration list for PBXNativeTarget "CoreDataDemoProjectUITests" */;
			buildPhases = (
				92AE2AA22ACED84400753B0A /* Sources */,
				92AE2AA32ACED84400753B0A /* Frameworks */,
				92AE2AA42ACED84400753B0A /* Resources */,
			);
			buildRules = (
			);
			dependencies = (
				92AE2AA82ACED84400753B0A /* PBXTargetDependency */,
			);
			name = CoreDataDemoProjectUITests;
			productName = CoreDataDemoProjectUITests;
			productReference = 92AE2AA62ACED84400753B0A /* CoreDataDemoProjectUITests.xctest */;
			productType = "com.apple.product-type.bundle.ui-testing";
		};
/* End PBXNativeTarget section */

/* Begin PBXProject section */
		92AE2A7B2ACED84100753B0A /* Project object */ = {
			isa = PBXProject;
			attributes = {
				BuildIndependentTargetsInParallel = 1;
				LastSwiftUpdateCheck = 1410;
				LastUpgradeCheck = 1410;
				TargetAttributes = {
					92AE2A822ACED84100753B0A = {
						CreatedOnToolsVersion = 14.1;
					};
					92AE2A9B2ACED84400753B0A = {
						CreatedOnToolsVersion = 14.1;
						TestTargetID = 92AE2A822ACED84100753B0A;
					};
					92AE2AA52ACED84400753B0A = {
						CreatedOnToolsVersion = 14.1;
						TestTargetID = 92AE2A822ACED84100753B0A;
					};
				};
			};
			buildConfigurationList = 92AE2A7E2ACED84100753B0A /* Build configuration list for PBXProject "CoreDataDemoProject" */;
			compatibilityVersion = "Xcode 14.0";
			developmentRegion = en;
			hasScannedForEncodings = 0;
			knownRegions = (
				en,
				Base,
			);
			mainGroup = 92AE2A7A2ACED84100753B0A;
			productRefGroup = 92AE2A842ACED84100753B0A /* Products */;
			projectDirPath = "";
			projectRoot = "";
			targets = (
				92AE2A822ACED84100753B0A /* CoreDataDemoProject */,
				92AE2A9B2ACED84400753B0A /* CoreDataDemoProjectTests */,
				92AE2AA52ACED84400753B0A /* CoreDataDemoProjectUITests */,
			);
		};
/* End PBXProject section */

/* Begin PBXResourcesBuildPhase section */
		92AE2A812ACED84100753B0A /* Resources */ = {
			isa = PBXResourcesBuildPhase;
			buildActionMask = 2147483647;
			files = (
				92AE2A962ACED84400753B0A /* LaunchScreen.storyboard in Resources */,
				92AE2A932ACED84400753B0A /* Assets.xcassets in Resources */,
				92AE2A8E2ACED84100753B0A /* Main.storyboard in Resources */,
			);
			runOnlyForDeploymentPostprocessing = 0;
		};
		92AE2A9A2ACED84400753B0A /* Resources */ = {
			isa = PBXResourcesBuildPhase;
			buildActionMask = 2147483647;
			files = (
			);
			runOnlyForDeploymentPostprocessing = 0;
		};
		92AE2AA42ACED84400753B0A /* Resources */ = {
			isa = PBXResourcesBuildPhase;
			buildActionMask = 2147483647;
			files = (
			);
			runOnlyForDeploymentPostprocessing = 0;
		};
/* End PBXResourcesBuildPhase section */

/* Begin PBXSourcesBuildPhase section */
		92AE2A7F2ACED84100753B0A /* Sources */ = {
			isa = PBXSourcesBuildPhase;
			buildActionMask = 2147483647;
			files = (
				926BFD452ACFD96C00AF0042 /* UserDataCell.swift in Sources */,
				92569C1F2AD005C6009B65C0 /* DatabaseManager.swift in Sources */,
				926BFD4C2ACFDE5400AF0042 /* Employee+CoreDataClass.swift in Sources */,
				92AE2A872ACED84100753B0A /* AppDelegate.swift in Sources */,
				9281312D2ACFCD78004E7866 /* MainPageVc.swift in Sources */,
				926BFD522ACFDF8700AF0042 /* Validation.swift in Sources */,
				92AE2A912ACED84100753B0A /* CoreDataDemoProject.xcdatamodeld in Sources */,
				92AE2A892ACED84100753B0A /* SceneDelegate.swift in Sources */,
				926BFD572ACFDFFB00AF0042 /* ViewController+Extention.swift in Sources */,
				926BFD4D2ACFDE5400AF0042 /* Employee+CoreDataProperties.swift in Sources */,
				9250B0932AD3C815002A1105 /* popUpVc.swift in Sources */,
				92569C232AD00B3C009B65C0 /* UserModel.swift in Sources */,
				926BFD4F2ACFDEA100AF0042 /* MainViewModel.swift in Sources */,
			);
			runOnlyForDeploymentPostprocessing = 0;
		};
		92AE2A982ACED84400753B0A /* Sources */ = {
			isa = PBXSourcesBuildPhase;
			buildActionMask = 2147483647;
			files = (
				92AE2AA12ACED84400753B0A /* CoreDataDemoProjectTests.swift in Sources */,
			);
			runOnlyForDeploymentPostprocessing = 0;
		};
		92AE2AA22ACED84400753B0A /* Sources */ = {
			isa = PBXSourcesBuildPhase;
			buildActionMask = 2147483647;
			files = (
				92AE2AAD2ACED84400753B0A /* CoreDataDemoProjectUITestsLaunchTests.swift in Sources */,
				92AE2AAB2ACED84400753B0A /* CoreDataDemoProjectUITests.swift in Sources */,
			);
			runOnlyForDeploymentPostprocessing = 0;
		};
/* End PBXSourcesBuildPhase section */

/* Begin PBXTargetDependency section */
		92AE2A9E2ACED84400753B0A /* PBXTargetDependency */ = {
			isa = PBXTargetDependency;
			target = 92AE2A822ACED84100753B0A /* CoreDataDemoProject */;
			targetProxy = 92AE2A9D2ACED84400753B0A /* PBXContainerItemProxy */;
		};
		92AE2AA82ACED84400753B0A /* PBXTargetDependency */ = {
			isa = PBXTargetDependency;
			target = 92AE2A822ACED84100753B0A /* CoreDataDemoProject */;
			targetProxy = 92AE2AA72ACED84400753B0A /* PBXContainerItemProxy */;
		};
/* End PBXTargetDependency section */

/* Begin PBXVariantGroup section */
		92AE2A8C2ACED84100753B0A /* Main.storyboard */ = {
			isa = PBXVariantGroup;
			children = (
				92AE2A8D2ACED84100753B0A /* Base */,
			);
			name = Main.storyboard;
			sourceTree = "<group>";
		};
		92AE2A942ACED84400753B0A /* LaunchScreen.storyboard */ = {
			isa = PBXVariantGroup;
			children = (
				92AE2A952ACED84400753B0A /* Base */,
			);
			name = LaunchScreen.storyboard;
			sourceTree = "<group>";
		};
/* End PBXVariantGroup section */

/* Begin XCBuildConfiguration section */
		92AE2AAE2ACED84400753B0A /* Debug */ = {
			isa = XCBuildConfiguration;
			buildSettings = {
				ALWAYS_SEARCH_USER_PATHS = NO;
				CLANG_ANALYZER_NONNULL = YES;
				CLANG_ANALYZER_NUMBER_OBJECT_CONVERSION = YES_AGGRESSIVE;
				CLANG_CXX_LANGUAGE_STANDARD = "gnu++20";
				CLANG_ENABLE_MODULES = YES;
				CLANG_ENABLE_OBJC_ARC = YES;
				CLANG_ENABLE_OBJC_WEAK = YES;
				CLANG_WARN_BLOCK_CAPTURE_AUTORELEASING = YES;
				CLANG_WARN_BOOL_CONVERSION = YES;
				CLANG_WARN_COMMA = YES;
				CLANG_WARN_CONSTANT_CONVERSION = YES;
				CLANG_WARN_DEPRECATED_OBJC_IMPLEMENTATIONS = YES;
				CLANG_WARN_DIRECT_OBJC_ISA_USAGE = YES_ERROR;
				CLANG_WARN_DOCUMENTATION_COMMENTS = YES;
				CLANG_WARN_EMPTY_BODY = YES;
				CLANG_WARN_ENUM_CONVERSION = YES;
				CLANG_WARN_INFINITE_RECURSION = YES;
				CLANG_WARN_INT_CONVERSION = YES;
				CLANG_WARN_NON_LITERAL_NULL_CONVERSION = YES;
				CLANG_WARN_OBJC_IMPLICIT_RETAIN_SELF = YES;
				CLANG_WARN_OBJC_LITERAL_CONVERSION = YES;
				CLANG_WARN_OBJC_ROOT_CLASS = YES_ERROR;
				CLANG_WARN_QUOTED_INCLUDE_IN_FRAMEWORK_HEADER = YES;
				CLANG_WARN_RANGE_LOOP_ANALYSIS = YES;
				CLANG_WARN_STRICT_PROTOTYPES = YES;
				CLANG_WARN_SUSPICIOUS_MOVE = YES;
				CLANG_WARN_UNGUARDED_AVAILABILITY = YES_AGGRESSIVE;
				CLANG_WARN_UNREACHABLE_CODE = YES;
				CLANG_WARN__DUPLICATE_METHOD_MATCH = YES;
				COPY_PHASE_STRIP = NO;
				DEBUG_INFORMATION_FORMAT = dwarf;
				ENABLE_STRICT_OBJC_MSGSEND = YES;
				ENABLE_TESTABILITY = YES;
				GCC_C_LANGUAGE_STANDARD = gnu11;
				GCC_DYNAMIC_NO_PIC = NO;
				GCC_NO_COMMON_BLOCKS = YES;
				GCC_OPTIMIZATION_LEVEL = 0;
				GCC_PREPROCESSOR_DEFINITIONS = (
					"DEBUG=1",
					"$(inherited)",
				);
				GCC_WARN_64_TO_32_BIT_CONVERSION = YES;
				GCC_WARN_ABOUT_RETURN_TYPE = YES_ERROR;
				GCC_WARN_UNDECLARED_SELECTOR = YES;
				GCC_WARN_UNINITIALIZED_AUTOS = YES_AGGRESSIVE;
				GCC_WARN_UNUSED_FUNCTION = YES;
				GCC_WARN_UNUSED_VARIABLE = YES;
				IPHONEOS_DEPLOYMENT_TARGET = 16.1;
				MTL_ENABLE_DEBUG_INFO = INCLUDE_SOURCE;
				MTL_FAST_MATH = YES;
				ONLY_ACTIVE_ARCH = YES;
				SDKROOT = iphoneos;
				SWIFT_ACTIVE_COMPILATION_CONDITIONS = DEBUG;
				SWIFT_OPTIMIZATION_LEVEL = "-Onone";
			};
			name = Debug;
		};
		92AE2AAF2ACED84400753B0A /* Release */ = {
			isa = XCBuildConfiguration;
			buildSettings = {
				ALWAYS_SEARCH_USER_PATHS = NO;
				CLANG_ANALYZER_NONNULL = YES;
				CLANG_ANALYZER_NUMBER_OBJECT_CONVERSION = YES_AGGRESSIVE;
				CLANG_CXX_LANGUAGE_STANDARD = "gnu++20";
				CLANG_ENABLE_MODULES = YES;
				CLANG_ENABLE_OBJC_ARC = YES;
				CLANG_ENABLE_OBJC_WEAK = YES;
				CLANG_WARN_BLOCK_CAPTURE_AUTORELEASING = YES;
				CLANG_WARN_BOOL_CONVERSION = YES;
				CLANG_WARN_COMMA = YES;
				CLANG_WARN_CONSTANT_CONVERSION = YES;
				CLANG_WARN_DEPRECATED_OBJC_IMPLEMENTATIONS = YES;
				CLANG_WARN_DIRECT_OBJC_ISA_USAGE = YES_ERROR;
				CLANG_WARN_DOCUMENTATION_COMMENTS = YES;
				CLANG_WARN_EMPTY_BODY = YES;
				CLANG_WARN_ENUM_CONVERSION = YES;
				CLANG_WARN_INFINITE_RECURSION = YES;
				CLANG_WARN_INT_CONVERSION = YES;
				CLANG_WARN_NON_LITERAL_NULL_CONVERSION = YES;
				CLANG_WARN_OBJC_IMPLICIT_RETAIN_SELF = YES;
				CLANG_WARN_OBJC_LITERAL_CONVERSION = YES;
				CLANG_WARN_OBJC_ROOT_CLASS = YES_ERROR;
				CLANG_WARN_QUOTED_INCLUDE_IN_FRAMEWORK_HEADER = YES;
				CLANG_WARN_RANGE_LOOP_ANALYSIS = YES;
				CLANG_WARN_STRICT_PROTOTYPES = YES;
				CLANG_WARN_SUSPICIOUS_MOVE = YES;
				CLANG_WARN_UNGUARDED_AVAILABILITY = YES_AGGRESSIVE;
				CLANG_WARN_UNREACHABLE_CODE = YES;
				CLANG_WARN__DUPLICATE_METHOD_MATCH = YES;
				COPY_PHASE_STRIP = NO;
				DEBUG_INFORMATION_FORMAT = "dwarf-with-dsym";
				ENABLE_NS_ASSERTIONS = NO;
				ENABLE_STRICT_OBJC_MSGSEND = YES;
				GCC_C_LANGUAGE_STANDARD = gnu11;
				GCC_NO_COMMON_BLOCKS = YES;
				GCC_WARN_64_TO_32_BIT_CONVERSION = YES;
				GCC_WARN_ABOUT_RETURN_TYPE = YES_ERROR;
				GCC_WARN_UNDECLARED_SELECTOR = YES;
				GCC_WARN_UNINITIALIZED_AUTOS = YES_AGGRESSIVE;
				GCC_WARN_UNUSED_FUNCTION = YES;
				GCC_WARN_UNUSED_VARIABLE = YES;
				IPHONEOS_DEPLOYMENT_TARGET = 16.1;
				MTL_ENABLE_DEBUG_INFO = NO;
				MTL_FAST_MATH = YES;
				SDKROOT = iphoneos;
				SWIFT_COMPILATION_MODE = wholemodule;
				SWIFT_OPTIMIZATION_LEVEL = "-O";
				VALIDATE_PRODUCT = YES;
			};
			name = Release;
		};
		92AE2AB12ACED84400753B0A /* Debug */ = {
			isa = XCBuildConfiguration;
			buildSettings = {
				ASSETCATALOG_COMPILER_APPICON_NAME = AppIcon;
				ASSETCATALOG_COMPILER_GLOBAL_ACCENT_COLOR_NAME = AccentColor;
				CODE_SIGN_STYLE = Automatic;
				CURRENT_PROJECT_VERSION = 1;
				GENERATE_INFOPLIST_FILE = YES;
				INFOPLIST_FILE = CoreDataDemoProject/Info.plist;
				INFOPLIST_KEY_UIApplicationSupportsIndirectInputEvents = YES;
				INFOPLIST_KEY_UILaunchStoryboardName = LaunchScreen;
				INFOPLIST_KEY_UIMainStoryboardFile = Main;
				INFOPLIST_KEY_UISupportedInterfaceOrientations_iPad = "UIInterfaceOrientationPortrait UIInterfaceOrientationPortraitUpsideDown UIInterfaceOrientationLandscapeLeft UIInterfaceOrientationLandscapeRight";
				INFOPLIST_KEY_UISupportedInterfaceOrientations_iPhone = "UIInterfaceOrientationPortrait UIInterfaceOrientationLandscapeLeft UIInterfaceOrientationLandscapeRight";
				LD_RUNPATH_SEARCH_PATHS = (
					"$(inherited)",
					"@executable_path/Frameworks",
				);
				MARKETING_VERSION = 1.0;
				PRODUCT_BUNDLE_IDENTIFIER = abc.test.CoreDataDemoProject;
				PRODUCT_NAME = "$(TARGET_NAME)";
				SWIFT_EMIT_LOC_STRINGS = YES;
				SWIFT_VERSION = 5.0;
				TARGETED_DEVICE_FAMILY = "1,2";
			};
			name = Debug;
		};
		92AE2AB22ACED84400753B0A /* Release */ = {
			isa = XCBuildConfiguration;
			buildSettings = {
				ASSETCATALOG_COMPILER_APPICON_NAME = AppIcon;
				ASSETCATALOG_COMPILER_GLOBAL_ACCENT_COLOR_NAME = AccentColor;
				CODE_SIGN_STYLE = Automatic;
				CURRENT_PROJECT_VERSION = 1;
				GENERATE_INFOPLIST_FILE = YES;
				INFOPLIST_FILE = CoreDataDemoProject/Info.plist;
				INFOPLIST_KEY_UIApplicationSupportsIndirectInputEvents = YES;
				INFOPLIST_KEY_UILaunchStoryboardName = LaunchScreen;
				INFOPLIST_KEY_UIMainStoryboardFile = Main;
				INFOPLIST_KEY_UISupportedInterfaceOrientations_iPad = "UIInterfaceOrientationPortrait UIInterfaceOrientationPortraitUpsideDown UIInterfaceOrientationLandscapeLeft UIInterfaceOrientationLandscapeRight";
				INFOPLIST_KEY_UISupportedInterfaceOrientations_iPhone = "UIInterfaceOrientationPortrait UIInterfaceOrientationLandscapeLeft UIInterfaceOrientationLandscapeRight";
				LD_RUNPATH_SEARCH_PATHS = (
					"$(inherited)",
					"@executable_path/Frameworks",
				);
				MARKETING_VERSION = 1.0;
				PRODUCT_BUNDLE_IDENTIFIER = abc.test.CoreDataDemoProject;
				PRODUCT_NAME = "$(TARGET_NAME)";
				SWIFT_EMIT_LOC_STRINGS = YES;
				SWIFT_VERSION = 5.0;
				TARGETED_DEVICE_FAMILY = "1,2";
			};
			name = Release;
		};
		92AE2AB42ACED84400753B0A /* Debug */ = {
			isa = XCBuildConfiguration;
			buildSettings = {
				ALWAYS_EMBED_SWIFT_STANDARD_LIBRARIES = YES;
				BUNDLE_LOADER = "$(TEST_HOST)";
				CODE_SIGN_STYLE = Automatic;
				CURRENT_PROJECT_VERSION = 1;
				GENERATE_INFOPLIST_FILE = YES;
				IPHONEOS_DEPLOYMENT_TARGET = 16.1;
				MARKETING_VERSION = 1.0;
				PRODUCT_BUNDLE_IDENTIFIER = abc.test.CoreDataDemoProjectTests;
				PRODUCT_NAME = "$(TARGET_NAME)";
				SWIFT_EMIT_LOC_STRINGS = NO;
				SWIFT_VERSION = 5.0;
				TARGETED_DEVICE_FAMILY = "1,2";
				TEST_HOST = "$(BUILT_PRODUCTS_DIR)/CoreDataDemoProject.app/$(BUNDLE_EXECUTABLE_FOLDER_PATH)/CoreDataDemoProject";
			};
			name = Debug;
		};
		92AE2AB52ACED84400753B0A /* Release */ = {
			isa = XCBuildConfiguration;
			buildSettings = {
				ALWAYS_EMBED_SWIFT_STANDARD_LIBRARIES = YES;
				BUNDLE_LOADER = "$(TEST_HOST)";
				CODE_SIGN_STYLE = Automatic;
				CURRENT_PROJECT_VERSION = 1;
				GENERATE_INFOPLIST_FILE = YES;
				IPHONEOS_DEPLOYMENT_TARGET = 16.1;
				MARKETING_VERSION = 1.0;
				PRODUCT_BUNDLE_IDENTIFIER = abc.test.CoreDataDemoProjectTests;
				PRODUCT_NAME = "$(TARGET_NAME)";
				SWIFT_EMIT_LOC_STRINGS = NO;
				SWIFT_VERSION = 5.0;
				TARGETED_DEVICE_FAMILY = "1,2";
				TEST_HOST = "$(BUILT_PRODUCTS_DIR)/CoreDataDemoProject.app/$(BUNDLE_EXECUTABLE_FOLDER_PATH)/CoreDataDemoProject";
			};
			name = Release;
		};
		92AE2AB72ACED84400753B0A /* Debug */ = {
			isa = XCBuildConfiguration;
			buildSettings = {
				ALWAYS_EMBED_SWIFT_STANDARD_LIBRARIES = YES;
				CODE_SIGN_STYLE = Automatic;
				CURRENT_PROJECT_VERSION = 1;
				GENERATE_INFOPLIST_FILE = YES;
				MARKETING_VERSION = 1.0;
				PRODUCT_BUNDLE_IDENTIFIER = abc.test.CoreDataDemoProjectUITests;
				PRODUCT_NAME = "$(TARGET_NAME)";
				SWIFT_EMIT_LOC_STRINGS = NO;
				SWIFT_VERSION = 5.0;
				TARGETED_DEVICE_FAMILY = "1,2";
				TEST_TARGET_NAME = CoreDataDemoProject;
			};
			name = Debug;
		};
		92AE2AB82ACED84400753B0A /* Release */ = {
			isa = XCBuildConfiguration;
			buildSettings = {
				ALWAYS_EMBED_SWIFT_STANDARD_LIBRARIES = YES;
				CODE_SIGN_STYLE = Automatic;
				CURRENT_PROJECT_VERSION = 1;
				GENERATE_INFOPLIST_FILE = YES;
				MARKETING_VERSION = 1.0;
				PRODUCT_BUNDLE_IDENTIFIER = abc.test.CoreDataDemoProjectUITests;
				PRODUCT_NAME = "$(TARGET_NAME)";
				SWIFT_EMIT_LOC_STRINGS = NO;
				SWIFT_VERSION = 5.0;
				TARGETED_DEVICE_FAMILY = "1,2";
				TEST_TARGET_NAME = CoreDataDemoProject;
			};
			name = Release;
		};
/* End XCBuildConfiguration section */

/* Begin XCConfigurationList section */
		92AE2A7E2ACED84100753B0A /* Build configuration list for PBXProject "CoreDataDemoProject" */ = {
			isa = XCConfigurationList;
			buildConfigurations = (
				92AE2AAE2ACED84400753B0A /* Debug */,
				92AE2AAF2ACED84400753B0A /* Release */,
			);
			defaultConfigurationIsVisible = 0;
			defaultConfigurationName = Release;
		};
		92AE2AB02ACED84400753B0A /* Build configuration list for PBXNativeTarget "CoreDataDemoProject" */ = {
			isa = XCConfigurationList;
			buildConfigurations = (
				92AE2AB12ACED84400753B0A /* Debug */,
				92AE2AB22ACED84400753B0A /* Release */,
			);
			defaultConfigurationIsVisible = 0;
			defaultConfigurationName = Release;
		};
		92AE2AB32ACED84400753B0A /* Build configuration list for PBXNativeTarget "CoreDataDemoProjectTests" */ = {
			isa = XCConfigurationList;
			buildConfigurations = (
				92AE2AB42ACED84400753B0A /* Debug */,
				92AE2AB52ACED84400753B0A /* Release */,
			);
			defaultConfigurationIsVisible = 0;
			defaultConfigurationName = Release;
		};
		92AE2AB62ACED84400753B0A /* Build configuration list for PBXNativeTarget "CoreDataDemoProjectUITests" */ = {
			isa = XCConfigurationList;
			buildConfigurations = (
				92AE2AB72ACED84400753B0A /* Debug */,
				92AE2AB82ACED84400753B0A /* Release */,
			);
			defaultConfigurationIsVisible = 0;
			defaultConfigurationName = Release;
		};
/* End XCConfigurationList section */

/* Begin XCVersionGroup section */
		92AE2A8F2ACED84100753B0A /* CoreDataDemoProject.xcdatamodeld */ = {
			isa = XCVersionGroup;
			children = (
				92AE2A902ACED84100753B0A /* CoreDataDemoProject.xcdatamodel */,
			);
			currentVersion = 92AE2A902ACED84100753B0A /* CoreDataDemoProject.xcdatamodel */;
			path = CoreDataDemoProject.xcdatamodeld;
			sourceTree = "<group>";
			versionGroupType = wrapper.xcdatamodel;
		};
/* End XCVersionGroup section */
	};
	rootObject = 92AE2A7B2ACED84100753B0A /* Project object */;
}
